
Microsoft Visual Studio Solution File, Format Version 12.00
# Visual Studio 2013
VisualStudioVersion = 12.0.31101.0
MinimumVisualStudioVersion = 10.0.40219.1
Project("{FAE04EC0-301F-11D3-BF4B-00C04F79EFBC}") = "MvcApp2", "MvcApp2\MvcApp2.csproj", "{E768AC56-C63C-42EF-94CA-FC7AB6DF444C}"
EndProject
Project("{FAE04EC0-301F-11D3-BF4B-00C04F79EFBC}") = "MvcApp2.Tests", "MvcApp2.Tests\MvcApp2.Tests.csproj", "{41AEAD90-40B2-46E3-9386-8D8EAF25DC46}"
EndProject
Global
	GlobalSection(SolutionConfigurationPlatforms) = preSolution
		Debug|Any CPU = Debug|Any CPU
		Release|Any CPU = Release|Any CPU
	EndGlobalSection
	GlobalSection(ProjectConfigurationPlatforms) = postSolution
		{E768AC56-C63C-42EF-94CA-FC7AB6DF444C}.Debug|Any CPU.ActiveCfg = Debug|Any CPU
		{E768AC56-C63C-42EF-94CA-FC7AB6DF444C}.Debug|Any CPU.Build.0 = Debug|Any CPU
		{E768AC56-C63C-42EF-94CA-FC7AB6DF444C}.Release|Any CPU.ActiveCfg = Release|Any CPU
		{E768AC56-C63C-42EF-94CA-FC7AB6DF444C}.Release|Any CPU.Build.0 = Release|Any CPU
		{41AEAD90-40B2-46E3-9386-8D8EAF25DC46}.Debug|Any CPU.ActiveCfg = Debug|Any CPU
		{41AEAD90-40B2-46E3-9386-8D8EAF25DC46}.Debug|Any CPU.Build.0 = Debug|Any CPU
		{41AEAD90-40B2-46E3-9386-8D8EAF25DC46}.Release|Any CPU.ActiveCfg = Release|Any CPU
		{41AEAD90-40B2-46E3-9386-8D8EAF25DC46}.Release|Any CPU.Build.0 = Release|Any CPU
	EndGlobalSection
	GlobalSection(SolutionProperties) = preSolution
		HideSolutionNode = FALSE
	EndGlobalSection
EndGlobal
